
Microsoft Visual Studio Solution File, Format Version 12.00
# Visual Studio Version 17
VisualStudioVersion = 17.10.34707.107
MinimumVisualStudioVersion = 10.0.40219.1
Project("{9A19103F-16F7-4668-BE54-9A1E7A4F7556}") = "ConsoleApp1", "ConsoleApp1.csproj", "{14E19C39-BB62-4B8C-8AFE-179E970C7A66}"
EndProject
Global
	GlobalSection(SolutionConfigurationPlatforms) = preSolution
		Debug|Any CPU = Debug|Any CPU
		Release|Any CPU = Release|Any CPU
	EndGlobalSection
	GlobalSection(ProjectConfigurationPlatforms) = postSolution
		{14E19C39-BB62-4B8C-8AFE-179E970C7A66}.Debug|Any CPU.ActiveCfg = Debug|Any CPU
		{14E19C39-BB62-4B8C-8AFE-179E970C7A66}.Debug|Any CPU.Build.0 = Debug|Any CPU
		{14E19C39-BB62-4B8C-8AFE-179E970C7A66}.Release|Any CPU.ActiveCfg = Release|Any CPU
		{14E19C39-BB62-4B8C-8AFE-179E970C7A66}.Release|Any CPU.Build.0 = Release|Any CPU
	EndGlobalSection
	GlobalSection(SolutionProperties) = preSolution
		HideSolutionNode = FALSE
	EndGlobalSection
	GlobalSection(ExtensibilityGlobals) = postSolution
		SolutionGuid = {F9F8C360-1F1D-48F5-89FC-E440977B73FD}
	EndGlobalSection
EndGlobal
